// !$*UTF8*$!
{
	archiveVersion = 1;
	classes = {
	};
	objectVersion = 46;
	objects = {

/* Begin PBXBuildFile section */
		55CC3F678EE7C4E3B2278B2E /* Pods_Hamlet.framework in Frameworks */ = {isa = PBXBuildFile; fileRef = 652DF315F77A61E37614AEB8 /* Pods_Hamlet.framework */; };
		56173B7A1DBB2C0D009A0563 /* CellNodeSubredditList.swift in Sources */ = {isa = PBXBuildFile; fileRef = 56173B791DBB2C0D009A0563 /* CellNodeSubredditList.swift */; };
		56173B7C1DBB2F42009A0563 /* SubredditListViewController.swift in Sources */ = {isa = PBXBuildFile; fileRef = 56173B7B1DBB2F42009A0563 /* SubredditListViewController.swift */; };
		56173B7E1DBB3237009A0563 /* SubredditListViewModel.swift in Sources */ = {isa = PBXBuildFile; fileRef = 56173B7D1DBB3237009A0563 /* SubredditListViewModel.swift */; };
		56173B801DBB454A009A0563 /* SubredditListPresenter.swift in Sources */ = {isa = PBXBuildFile; fileRef = 56173B7F1DBB454A009A0563 /* SubredditListPresenter.swift */; };
		5636AC2E1DA0C630006EF7B3 /* UIView+Border.swift in Sources */ = {isa = PBXBuildFile; fileRef = 5636AC2D1DA0C630006EF7B3 /* UIView+Border.swift */; };
		5636AC301DA179BD006EF7B3 /* VideoPlayer.swift in Sources */ = {isa = PBXBuildFile; fileRef = 5636AC2F1DA179BD006EF7B3 /* VideoPlayer.swift */; };
		5636AC321DA17A37006EF7B3 /* VideoView.swift in Sources */ = {isa = PBXBuildFile; fileRef = 5636AC311DA17A37006EF7B3 /* VideoView.swift */; };
		5636AC341DA17CE7006EF7B3 /* VideoTableViewCell.swift in Sources */ = {isa = PBXBuildFile; fileRef = 5636AC331DA17CE7006EF7B3 /* VideoTableViewCell.swift */; };
		5636AC391DA19763006EF7B3 /* Gfycat.swift in Sources */ = {isa = PBXBuildFile; fileRef = 5636AC381DA19763006EF7B3 /* Gfycat.swift */; };
		5636AC3B1DA1A860006EF7B3 /* Imgur.swift in Sources */ = {isa = PBXBuildFile; fileRef = 5636AC3A1DA1A860006EF7B3 /* Imgur.swift */; };
		5636AC3D1DA1BA69006EF7B3 /* Variant.swift in Sources */ = {isa = PBXBuildFile; fileRef = 5636AC3C1DA1BA69006EF7B3 /* Variant.swift */; };
		5636AC3F1DA1FB6C006EF7B3 /* AsyncVideoTableViewCell.swift in Sources */ = {isa = PBXBuildFile; fileRef = 5636AC3E1DA1FB6C006EF7B3 /* AsyncVideoTableViewCell.swift */; };
		565BD5381DA2C0A800D1376D /* BlankTableViewCell.swift in Sources */ = {isa = PBXBuildFile; fileRef = 565BD5371DA2C0A800D1376D /* BlankTableViewCell.swift */; };
		565BD53A1DA2E1D700D1376D /* FlashTableViewCell.swift in Sources */ = {isa = PBXBuildFile; fileRef = 565BD5391DA2E1D700D1376D /* FlashTableViewCell.swift */; };
		5674BA721D9F867C00A4A974 /* Subreddit.swift in Sources */ = {isa = PBXBuildFile; fileRef = 5674BA711D9F867C00A4A974 /* Subreddit.swift */; };
		567BADC91DB107FC006B3FCB /* Config.swift in Sources */ = {isa = PBXBuildFile; fileRef = 567BADC81DB107FC006B3FCB /* Config.swift */; };
		568119B61D9CC9D100B31FCB /* AppDelegate.swift in Sources */ = {isa = PBXBuildFile; fileRef = 568119B51D9CC9D100B31FCB /* AppDelegate.swift */; };
		568119B81D9CC9D100B31FCB /* FeedViewController.swift in Sources */ = {isa = PBXBuildFile; fileRef = 568119B71D9CC9D100B31FCB /* FeedViewController.swift */; };
		568119BD1D9CC9D100B31FCB /* Assets.xcassets in Resources */ = {isa = PBXBuildFile; fileRef = 568119BC1D9CC9D100B31FCB /* Assets.xcassets */; };
		568119C01D9CC9D100B31FCB /* LaunchScreen.storyboard in Resources */ = {isa = PBXBuildFile; fileRef = 568119BE1D9CC9D100B31FCB /* LaunchScreen.storyboard */; };
		569BAB751DA082F2006C6531 /* ActionTableViewCell.swift in Sources */ = {isa = PBXBuildFile; fileRef = 569BAB741DA082F2006C6531 /* ActionTableViewCell.swift */; };
		56A1251B1DA4B7E7001715BA /* HomePresenter.swift in Sources */ = {isa = PBXBuildFile; fileRef = 56A1251A1DA4B7E7001715BA /* HomePresenter.swift */; };
		56A125201DA4B9B4001715BA /* FeedViewModel.swift in Sources */ = {isa = PBXBuildFile; fileRef = 56A1251F1DA4B9B4001715BA /* FeedViewModel.swift */; };
		56A125221DA4F6AA001715BA /* String+Array.swift in Sources */ = {isa = PBXBuildFile; fileRef = 56A125211DA4F6AA001715BA /* String+Array.swift */; };
		56B232171DB7E60C007BCEA9 /* Date+TimeAgo.swift in Sources */ = {isa = PBXBuildFile; fileRef = 56B232161DB7E60C007BCEA9 /* Date+TimeAgo.swift */; };
		56CB7E611D9FFF58008AA2CB /* Preview.swift in Sources */ = {isa = PBXBuildFile; fileRef = 56CB7E601D9FFF58008AA2CB /* Preview.swift */; };
		56CB7E651DA01F3D008AA2CB /* PhotoTableViewCell.swift in Sources */ = {isa = PBXBuildFile; fileRef = 56CB7E641DA01F3D008AA2CB /* PhotoTableViewCell.swift */; };
		56CB7E681DA024BC008AA2CB /* UITableViewCell+Identifier.swift in Sources */ = {isa = PBXBuildFile; fileRef = 56CB7E671DA024BC008AA2CB /* UITableViewCell+Identifier.swift */; };
		56CB7E6A1DA02812008AA2CB /* LabelTableViewCell.swift in Sources */ = {isa = PBXBuildFile; fileRef = 56CB7E691DA02812008AA2CB /* LabelTableViewCell.swift */; };
		56CB7E6C1DA0360A008AA2CB /* Math.swift in Sources */ = {isa = PBXBuildFile; fileRef = 56CB7E6B1DA0360A008AA2CB /* Math.swift */; };
		56D161741D9CE6A80027553A /* Listing.swift in Sources */ = {isa = PBXBuildFile; fileRef = 56D161731D9CE6A80027553A /* Listing.swift */; };
		56D161761D9CEAB90027553A /* Media.swift in Sources */ = {isa = PBXBuildFile; fileRef = 56D161751D9CEAB90027553A /* Media.swift */; };
/* End PBXBuildFile section */

/* Begin PBXFileReference section */
		45162716B5E74825E4396D91 /* Pods-Hamlet.release.xcconfig */ = {isa = PBXFileReference; includeInIndex = 1; lastKnownFileType = text.xcconfig; name = "Pods-Hamlet.release.xcconfig"; path = "Pods/Target Support Files/Pods-Hamlet/Pods-Hamlet.release.xcconfig"; sourceTree = "<group>"; };
		56173B791DBB2C0D009A0563 /* CellNodeSubredditList.swift */ = {isa = PBXFileReference; fileEncoding = 4; lastKnownFileType = sourcecode.swift; path = CellNodeSubredditList.swift; sourceTree = "<group>"; };
		56173B7B1DBB2F42009A0563 /* SubredditListViewController.swift */ = {isa = PBXFileReference; fileEncoding = 4; lastKnownFileType = sourcecode.swift; path = SubredditListViewController.swift; sourceTree = "<group>"; };
		56173B7D1DBB3237009A0563 /* SubredditListViewModel.swift */ = {isa = PBXFileReference; fileEncoding = 4; lastKnownFileType = sourcecode.swift; path = SubredditListViewModel.swift; sourceTree = "<group>"; };
		56173B7F1DBB454A009A0563 /* SubredditListPresenter.swift */ = {isa = PBXFileReference; fileEncoding = 4; lastKnownFileType = sourcecode.swift; path = SubredditListPresenter.swift; sourceTree = "<group>"; };
		5636AC2D1DA0C630006EF7B3 /* UIView+Border.swift */ = {isa = PBXFileReference; fileEncoding = 4; lastKnownFileType = sourcecode.swift; path = "UIView+Border.swift"; sourceTree = "<group>"; };
		5636AC2F1DA179BD006EF7B3 /* VideoPlayer.swift */ = {isa = PBXFileReference; fileEncoding = 4; lastKnownFileType = sourcecode.swift; path = VideoPlayer.swift; sourceTree = "<group>"; };
		5636AC311DA17A37006EF7B3 /* VideoView.swift */ = {isa = PBXFileReference; fileEncoding = 4; lastKnownFileType = sourcecode.swift; path = VideoView.swift; sourceTree = "<group>"; };
		5636AC331DA17CE7006EF7B3 /* VideoTableViewCell.swift */ = {isa = PBXFileReference; fileEncoding = 4; lastKnownFileType = sourcecode.swift; path = VideoTableViewCell.swift; sourceTree = "<group>"; };
		5636AC381DA19763006EF7B3 /* Gfycat.swift */ = {isa = PBXFileReference; fileEncoding = 4; lastKnownFileType = sourcecode.swift; path = Gfycat.swift; sourceTree = "<group>"; };
		5636AC3A1DA1A860006EF7B3 /* Imgur.swift */ = {isa = PBXFileReference; fileEncoding = 4; lastKnownFileType = sourcecode.swift; path = Imgur.swift; sourceTree = "<group>"; };
		5636AC3C1DA1BA69006EF7B3 /* Variant.swift */ = {isa = PBXFileReference; fileEncoding = 4; lastKnownFileType = sourcecode.swift; path = Variant.swift; sourceTree = "<group>"; };
		5636AC3E1DA1FB6C006EF7B3 /* AsyncVideoTableViewCell.swift */ = {isa = PBXFileReference; fileEncoding = 4; lastKnownFileType = sourcecode.swift; path = AsyncVideoTableViewCell.swift; sourceTree = "<group>"; };
		565BD5371DA2C0A800D1376D /* BlankTableViewCell.swift */ = {isa = PBXFileReference; fileEncoding = 4; lastKnownFileType = sourcecode.swift; path = BlankTableViewCell.swift; sourceTree = "<group>"; };
		565BD5391DA2E1D700D1376D /* FlashTableViewCell.swift */ = {isa = PBXFileReference; fileEncoding = 4; lastKnownFileType = sourcecode.swift; path = FlashTableViewCell.swift; sourceTree = "<group>"; };
		5674BA711D9F867C00A4A974 /* Subreddit.swift */ = {isa = PBXFileReference; fileEncoding = 4; lastKnownFileType = sourcecode.swift; path = Subreddit.swift; sourceTree = "<group>"; };
		567BADC81DB107FC006B3FCB /* Config.swift */ = {isa = PBXFileReference; fileEncoding = 4; lastKnownFileType = sourcecode.swift; path = Config.swift; sourceTree = "<group>"; };
		568119B21D9CC9D100B31FCB /* Hamlet.app */ = {isa = PBXFileReference; explicitFileType = wrapper.application; includeInIndex = 0; path = Hamlet.app; sourceTree = BUILT_PRODUCTS_DIR; };
		568119B51D9CC9D100B31FCB /* AppDelegate.swift */ = {isa = PBXFileReference; lastKnownFileType = sourcecode.swift; path = AppDelegate.swift; sourceTree = "<group>"; };
		568119B71D9CC9D100B31FCB /* FeedViewController.swift */ = {isa = PBXFileReference; lastKnownFileType = sourcecode.swift; path = FeedViewController.swift; sourceTree = "<group>"; };
		568119BC1D9CC9D100B31FCB /* Assets.xcassets */ = {isa = PBXFileReference; lastKnownFileType = folder.assetcatalog; path = Assets.xcassets; sourceTree = "<group>"; };
		568119BF1D9CC9D100B31FCB /* Base */ = {isa = PBXFileReference; lastKnownFileType = file.storyboard; name = Base; path = Base.lproj/LaunchScreen.storyboard; sourceTree = "<group>"; };
		568119C11D9CC9D100B31FCB /* Info.plist */ = {isa = PBXFileReference; lastKnownFileType = text.plist.xml; path = Info.plist; sourceTree = "<group>"; };
		569BAB741DA082F2006C6531 /* ActionTableViewCell.swift */ = {isa = PBXFileReference; fileEncoding = 4; lastKnownFileType = sourcecode.swift; path = ActionTableViewCell.swift; sourceTree = "<group>"; };
		56A1251A1DA4B7E7001715BA /* HomePresenter.swift */ = {isa = PBXFileReference; fileEncoding = 4; lastKnownFileType = sourcecode.swift; path = HomePresenter.swift; sourceTree = "<group>"; };
		56A1251F1DA4B9B4001715BA /* FeedViewModel.swift */ = {isa = PBXFileReference; fileEncoding = 4; lastKnownFileType = sourcecode.swift; path = FeedViewModel.swift; sourceTree = "<group>"; };
		56A125211DA4F6AA001715BA /* String+Array.swift */ = {isa = PBXFileReference; fileEncoding = 4; lastKnownFileType = sourcecode.swift; path = "String+Array.swift"; sourceTree = "<group>"; };
		56B232161DB7E60C007BCEA9 /* Date+TimeAgo.swift */ = {isa = PBXFileReference; fileEncoding = 4; lastKnownFileType = sourcecode.swift; path = "Date+TimeAgo.swift"; sourceTree = "<group>"; };
		56CB7E601D9FFF58008AA2CB /* Preview.swift */ = {isa = PBXFileReference; fileEncoding = 4; lastKnownFileType = sourcecode.swift; path = Preview.swift; sourceTree = "<group>"; };
		56CB7E641DA01F3D008AA2CB /* PhotoTableViewCell.swift */ = {isa = PBXFileReference; fileEncoding = 4; lastKnownFileType = sourcecode.swift; path = PhotoTableViewCell.swift; sourceTree = "<group>"; };
		56CB7E671DA024BC008AA2CB /* UITableViewCell+Identifier.swift */ = {isa = PBXFileReference; fileEncoding = 4; lastKnownFileType = sourcecode.swift; path = "UITableViewCell+Identifier.swift"; sourceTree = "<group>"; };
		56CB7E691DA02812008AA2CB /* LabelTableViewCell.swift */ = {isa = PBXFileReference; fileEncoding = 4; lastKnownFileType = sourcecode.swift; path = LabelTableViewCell.swift; sourceTree = "<group>"; };
		56CB7E6B1DA0360A008AA2CB /* Math.swift */ = {isa = PBXFileReference; fileEncoding = 4; lastKnownFileType = sourcecode.swift; path = Math.swift; sourceTree = "<group>"; };
		56D161731D9CE6A80027553A /* Listing.swift */ = {isa = PBXFileReference; fileEncoding = 4; lastKnownFileType = sourcecode.swift; path = Listing.swift; sourceTree = "<group>"; };
		56D161751D9CEAB90027553A /* Media.swift */ = {isa = PBXFileReference; fileEncoding = 4; lastKnownFileType = sourcecode.swift; path = Media.swift; sourceTree = "<group>"; };
		5DA60A4BB2CA1EAAF4F82D8E /* Pods-Hamlet.debug.xcconfig */ = {isa = PBXFileReference; includeInIndex = 1; lastKnownFileType = text.xcconfig; name = "Pods-Hamlet.debug.xcconfig"; path = "Pods/Target Support Files/Pods-Hamlet/Pods-Hamlet.debug.xcconfig"; sourceTree = "<group>"; };
		652DF315F77A61E37614AEB8 /* Pods_Hamlet.framework */ = {isa = PBXFileReference; explicitFileType = wrapper.framework; includeInIndex = 0; path = Pods_Hamlet.framework; sourceTree = BUILT_PRODUCTS_DIR; };
/* End PBXFileReference section */

/* Begin PBXFrameworksBuildPhase section */
		568119AF1D9CC9D100B31FCB /* Frameworks */ = {
			isa = PBXFrameworksBuildPhase;
			buildActionMask = 2147483647;
			files = (
				55CC3F678EE7C4E3B2278B2E /* Pods_Hamlet.framework in Frameworks */,
			);
			runOnlyForDeploymentPostprocessing = 0;
		};
/* End PBXFrameworksBuildPhase section */

/* Begin PBXGroup section */
		1D1F962107FC36F84F49BC81 /* Frameworks */ = {
			isa = PBXGroup;
			children = (
				652DF315F77A61E37614AEB8 /* Pods_Hamlet.framework */,
			);
			name = Frameworks;
			sourceTree = "<group>";
		};
		56173B781DBB2BC8009A0563 /* Nodes */ = {
			isa = PBXGroup;
			children = (
				56173B791DBB2C0D009A0563 /* CellNodeSubredditList.swift */,
			);
			name = Nodes;
			sourceTree = "<group>";
		};
		5636AC371DA1974C006EF7B3 /* Services */ = {
			isa = PBXGroup;
			children = (
				5636AC381DA19763006EF7B3 /* Gfycat.swift */,
				5636AC3A1DA1A860006EF7B3 /* Imgur.swift */,
			);
			name = Services;
			sourceTree = "<group>";
		};
		568119A91D9CC9D100B31FCB = {
			isa = PBXGroup;
			children = (
				568119B41D9CC9D100B31FCB /* Hamlet */,
				568119B31D9CC9D100B31FCB /* Products */,
				68ED0D5E607537E592EE6E22 /* Pods */,
				1D1F962107FC36F84F49BC81 /* Frameworks */,
			);
			sourceTree = "<group>";
		};
		568119B31D9CC9D100B31FCB /* Products */ = {
			isa = PBXGroup;
			children = (
				568119B21D9CC9D100B31FCB /* Hamlet.app */,
			);
			name = Products;
			sourceTree = "<group>";
		};
		568119B41D9CC9D100B31FCB /* Hamlet */ = {
			isa = PBXGroup;
			children = (
				56173B781DBB2BC8009A0563 /* Nodes */,
				56A1251C1DA4B974001715BA /* ViewModel */,
				56A125191DA4B7C3001715BA /* Presenters */,
				5636AC371DA1974C006EF7B3 /* Services */,
				56CB7E661DA024A3008AA2CB /* Extensions */,
				56D161721D9CE6570027553A /* Models */,
				56CB7E631DA01EB0008AA2CB /* Views */,
				56CB7E621DA01E9B008AA2CB /* Controllers */,
				568119B51D9CC9D100B31FCB /* AppDelegate.swift */,
				568119BC1D9CC9D100B31FCB /* Assets.xcassets */,
				568119BE1D9CC9D100B31FCB /* LaunchScreen.storyboard */,
				568119C11D9CC9D100B31FCB /* Info.plist */,
				56CB7E6B1DA0360A008AA2CB /* Math.swift */,
				567BADC81DB107FC006B3FCB /* Config.swift */,
			);
			path = Hamlet;
			sourceTree = "<group>";
		};
		56A125191DA4B7C3001715BA /* Presenters */ = {
			isa = PBXGroup;
			children = (
				56173B7F1DBB454A009A0563 /* SubredditListPresenter.swift */,
				56A1251A1DA4B7E7001715BA /* HomePresenter.swift */,
			);
			name = Presenters;
			sourceTree = "<group>";
		};
		56A1251C1DA4B974001715BA /* ViewModel */ = {
			isa = PBXGroup;
			children = (
				56A1251F1DA4B9B4001715BA /* FeedViewModel.swift */,
				56173B7D1DBB3237009A0563 /* SubredditListViewModel.swift */,
			);
			name = ViewModel;
			sourceTree = "<group>";
		};
		56CB7E621DA01E9B008AA2CB /* Controllers */ = {
			isa = PBXGroup;
			children = (
				568119B71D9CC9D100B31FCB /* FeedViewController.swift */,
				56173B7B1DBB2F42009A0563 /* SubredditListViewController.swift */,
			);
			name = Controllers;
			sourceTree = "<group>";
		};
		56CB7E631DA01EB0008AA2CB /* Views */ = {
			isa = PBXGroup;
			children = (
				565BD5391DA2E1D700D1376D /* FlashTableViewCell.swift */,
				56CB7E641DA01F3D008AA2CB /* PhotoTableViewCell.swift */,
				56CB7E691DA02812008AA2CB /* LabelTableViewCell.swift */,
				569BAB741DA082F2006C6531 /* ActionTableViewCell.swift */,
				5636AC2F1DA179BD006EF7B3 /* VideoPlayer.swift */,
				5636AC311DA17A37006EF7B3 /* VideoView.swift */,
				5636AC331DA17CE7006EF7B3 /* VideoTableViewCell.swift */,
				5636AC3E1DA1FB6C006EF7B3 /* AsyncVideoTableViewCell.swift */,
				565BD5371DA2C0A800D1376D /* BlankTableViewCell.swift */,
			);
			name = Views;
			sourceTree = "<group>";
		};
		56CB7E661DA024A3008AA2CB /* Extensions */ = {
			isa = PBXGroup;
			children = (
				5636AC2D1DA0C630006EF7B3 /* UIView+Border.swift */,
				56CB7E671DA024BC008AA2CB /* UITableViewCell+Identifier.swift */,
				56A125211DA4F6AA001715BA /* String+Array.swift */,
				56B232161DB7E60C007BCEA9 /* Date+TimeAgo.swift */,
			);
			name = Extensions;
			sourceTree = "<group>";
		};
		56D161721D9CE6570027553A /* Models */ = {
			isa = PBXGroup;
			children = (
				56D161731D9CE6A80027553A /* Listing.swift */,
				56D161751D9CEAB90027553A /* Media.swift */,
				5674BA711D9F867C00A4A974 /* Subreddit.swift */,
				56CB7E601D9FFF58008AA2CB /* Preview.swift */,
				5636AC3C1DA1BA69006EF7B3 /* Variant.swift */,
			);
			name = Models;
			sourceTree = "<group>";
		};
		68ED0D5E607537E592EE6E22 /* Pods */ = {
			isa = PBXGroup;
			children = (
				5DA60A4BB2CA1EAAF4F82D8E /* Pods-Hamlet.debug.xcconfig */,
				45162716B5E74825E4396D91 /* Pods-Hamlet.release.xcconfig */,
			);
			name = Pods;
			sourceTree = "<group>";
		};
/* End PBXGroup section */

/* Begin PBXNativeTarget section */
		568119B11D9CC9D100B31FCB /* Hamlet */ = {
			isa = PBXNativeTarget;
			buildConfigurationList = 568119C41D9CC9D100B31FCB /* Build configuration list for PBXNativeTarget "Hamlet" */;
			buildPhases = (
				C9117118516D92B1F23D2085 /* Check Pods Manifest.lock */,
				568119AE1D9CC9D100B31FCB /* Sources */,
				568119AF1D9CC9D100B31FCB /* Frameworks */,
				568119B01D9CC9D100B31FCB /* Resources */,
				A1BFDFA1B8A28058456BB167 /* Embed Pods Frameworks */,
				8302C17CFF328423E33EC6EA /* Copy Pods Resources */,
			);
			buildRules = (
			);
			dependencies = (
			);
			name = Hamlet;
			productName = Hamlet;
			productReference = 568119B21D9CC9D100B31FCB /* Hamlet.app */;
			productType = "com.apple.product-type.application";
		};
/* End PBXNativeTarget section */

/* Begin PBXProject section */
		568119AA1D9CC9D100B31FCB /* Project object */ = {
			isa = PBXProject;
			attributes = {
				LastSwiftUpdateCheck = 0800;
				LastUpgradeCheck = 0800;
				ORGANIZATIONNAME = "Vincent Moore";
				TargetAttributes = {
					568119B11D9CC9D100B31FCB = {
						CreatedOnToolsVersion = 8.0;
						DevelopmentTeam = 8L4W325NFA;
						ProvisioningStyle = Automatic;
					};
				};
			};
			buildConfigurationList = 568119AD1D9CC9D100B31FCB /* Build configuration list for PBXProject "Hamlet" */;
			compatibilityVersion = "Xcode 3.2";
			developmentRegion = English;
			hasScannedForEncodings = 0;
			knownRegions = (
				en,
				Base,
			);
			mainGroup = 568119A91D9CC9D100B31FCB;
			productRefGroup = 568119B31D9CC9D100B31FCB /* Products */;
			projectDirPath = "";
			projectRoot = "";
			targets = (
				568119B11D9CC9D100B31FCB /* Hamlet */,
			);
		};
/* End PBXProject section */

/* Begin PBXResourcesBuildPhase section */
		568119B01D9CC9D100B31FCB /* Resources */ = {
			isa = PBXResourcesBuildPhase;
			buildActionMask = 2147483647;
			files = (
				568119C01D9CC9D100B31FCB /* LaunchScreen.storyboard in Resources */,
				568119BD1D9CC9D100B31FCB /* Assets.xcassets in Resources */,
			);
			runOnlyForDeploymentPostprocessing = 0;
		};
/* End PBXResourcesBuildPhase section */

/* Begin PBXShellScriptBuildPhase section */
		8302C17CFF328423E33EC6EA /* Copy Pods Resources */ = {
			isa = PBXShellScriptBuildPhase;
			buildActionMask = 2147483647;
			files = (
			);
			inputPaths = (
			);
			name = "Copy Pods Resources";
			outputPaths = (
			);
			runOnlyForDeploymentPostprocessing = 0;
			shellPath = /bin/sh;
			shellScript = "\"${SRCROOT}/Pods/Target Support Files/Pods-Hamlet/Pods-Hamlet-resources.sh\"\n";
			showEnvVarsInLog = 0;
		};
		A1BFDFA1B8A28058456BB167 /* Embed Pods Frameworks */ = {
			isa = PBXShellScriptBuildPhase;
			buildActionMask = 2147483647;
			files = (
			);
			inputPaths = (
			);
			name = "Embed Pods Frameworks";
			outputPaths = (
			);
			runOnlyForDeploymentPostprocessing = 0;
			shellPath = /bin/sh;
			shellScript = "\"${SRCROOT}/Pods/Target Support Files/Pods-Hamlet/Pods-Hamlet-frameworks.sh\"\n";
			showEnvVarsInLog = 0;
		};
		C9117118516D92B1F23D2085 /* Check Pods Manifest.lock */ = {
			isa = PBXShellScriptBuildPhase;
			buildActionMask = 2147483647;
			files = (
			);
			inputPaths = (
			);
			name = "Check Pods Manifest.lock";
			outputPaths = (
			);
			runOnlyForDeploymentPostprocessing = 0;
			shellPath = /bin/sh;
			shellScript = "diff \"${PODS_ROOT}/../Podfile.lock\" \"${PODS_ROOT}/Manifest.lock\" > /dev/null\nif [[ $? != 0 ]] ; then\n    cat << EOM\nerror: The sandbox is not in sync with the Podfile.lock. Run 'pod install' or update your CocoaPods installation.\nEOM\n    exit 1\nfi\n";
			showEnvVarsInLog = 0;
		};
/* End PBXShellScriptBuildPhase section */

/* Begin PBXSourcesBuildPhase section */
		568119AE1D9CC9D100B31FCB /* Sources */ = {
			isa = PBXSourcesBuildPhase;
			buildActionMask = 2147483647;
			files = (
				56CB7E651DA01F3D008AA2CB /* PhotoTableViewCell.swift in Sources */,
				568119B81D9CC9D100B31FCB /* FeedViewController.swift in Sources */,
				56173B7E1DBB3237009A0563 /* SubredditListViewModel.swift in Sources */,
				565BD5381DA2C0A800D1376D /* BlankTableViewCell.swift in Sources */,
				56D161761D9CEAB90027553A /* Media.swift in Sources */,
				56D161741D9CE6A80027553A /* Listing.swift in Sources */,
				5636AC3F1DA1FB6C006EF7B3 /* AsyncVideoTableViewCell.swift in Sources */,
				56A125221DA4F6AA001715BA /* String+Array.swift in Sources */,
				56173B7C1DBB2F42009A0563 /* SubredditListViewController.swift in Sources */,
				56A125201DA4B9B4001715BA /* FeedViewModel.swift in Sources */,
				5636AC3B1DA1A860006EF7B3 /* Imgur.swift in Sources */,
				56B232171DB7E60C007BCEA9 /* Date+TimeAgo.swift in Sources */,
				56CB7E681DA024BC008AA2CB /* UITableViewCell+Identifier.swift in Sources */,
				5636AC391DA19763006EF7B3 /* Gfycat.swift in Sources */,
				56173B7A1DBB2C0D009A0563 /* CellNodeSubredditList.swift in Sources */,
				56CB7E6A1DA02812008AA2CB /* LabelTableViewCell.swift in Sources */,
				567BADC91DB107FC006B3FCB /* Config.swift in Sources */,
				5674BA721D9F867C00A4A974 /* Subreddit.swift in Sources */,
				56CB7E611D9FFF58008AA2CB /* Preview.swift in Sources */,
				5636AC321DA17A37006EF7B3 /* VideoView.swift in Sources */,
				565BD53A1DA2E1D700D1376D /* FlashTableViewCell.swift in Sources */,
				5636AC2E1DA0C630006EF7B3 /* UIView+Border.swift in Sources */,
				568119B61D9CC9D100B31FCB /* AppDelegate.swift in Sources */,
				569BAB751DA082F2006C6531 /* ActionTableViewCell.swift in Sources */,
				56CB7E6C1DA0360A008AA2CB /* Math.swift in Sources */,
				56173B801DBB454A009A0563 /* SubredditListPresenter.swift in Sources */,
				5636AC3D1DA1BA69006EF7B3 /* Variant.swift in Sources */,
				5636AC301DA179BD006EF7B3 /* VideoPlayer.swift in Sources */,
				5636AC341DA17CE7006EF7B3 /* VideoTableViewCell.swift in Sources */,
				56A1251B1DA4B7E7001715BA /* HomePresenter.swift in Sources */,
			);
			runOnlyForDeploymentPostprocessing = 0;
		};
/* End PBXSourcesBuildPhase section */

/* Begin PBXVariantGroup section */
		568119BE1D9CC9D100B31FCB /* LaunchScreen.storyboard */ = {
			isa = PBXVariantGroup;
			children = (
				568119BF1D9CC9D100B31FCB /* Base */,
			);
			name = LaunchScreen.storyboard;
			sourceTree = "<group>";
		};
/* End PBXVariantGroup section */

/* Begin XCBuildConfiguration section */
		568119C21D9CC9D100B31FCB /* Debug */ = {
			isa = XCBuildConfiguration;
			buildSettings = {
				ALWAYS_SEARCH_USER_PATHS = NO;
				CLANG_ANALYZER_NONNULL = YES;
				CLANG_CXX_LANGUAGE_STANDARD = "gnu++0x";
				CLANG_CXX_LIBRARY = "libc++";
				CLANG_ENABLE_MODULES = YES;
				CLANG_ENABLE_OBJC_ARC = YES;
				CLANG_WARN_BOOL_CONVERSION = YES;
				CLANG_WARN_CONSTANT_CONVERSION = YES;
				CLANG_WARN_DIRECT_OBJC_ISA_USAGE = YES_ERROR;
				CLANG_WARN_DOCUMENTATION_COMMENTS = YES;
				CLANG_WARN_EMPTY_BODY = YES;
				CLANG_WARN_ENUM_CONVERSION = YES;
				CLANG_WARN_INFINITE_RECURSION = YES;
				CLANG_WARN_INT_CONVERSION = YES;
				CLANG_WARN_OBJC_ROOT_CLASS = YES_ERROR;
				CLANG_WARN_SUSPICIOUS_MOVE = YES;
				CLANG_WARN_SUSPICIOUS_MOVES = YES;
				CLANG_WARN_UNREACHABLE_CODE = YES;
				CLANG_WARN__DUPLICATE_METHOD_MATCH = YES;
				"CODE_SIGN_IDENTITY[sdk=iphoneos*]" = "iPhone Developer";
				COPY_PHASE_STRIP = NO;
				DEBUG_INFORMATION_FORMAT = dwarf;
				ENABLE_STRICT_OBJC_MSGSEND = YES;
				ENABLE_TESTABILITY = YES;
				GCC_C_LANGUAGE_STANDARD = gnu99;
				GCC_DYNAMIC_NO_PIC = NO;
				GCC_NO_COMMON_BLOCKS = YES;
				GCC_OPTIMIZATION_LEVEL = 0;
				GCC_PREPROCESSOR_DEFINITIONS = (
					"DEBUG=1",
					"$(inherited)",
				);
				GCC_WARN_64_TO_32_BIT_CONVERSION = YES;
				GCC_WARN_ABOUT_RETURN_TYPE = YES_ERROR;
				GCC_WARN_UNDECLARED_SELECTOR = YES;
				GCC_WARN_UNINITIALIZED_AUTOS = YES_AGGRESSIVE;
				GCC_WARN_UNUSED_FUNCTION = YES;
				GCC_WARN_UNUSED_VARIABLE = YES;
				IPHONEOS_DEPLOYMENT_TARGET = 10.0;
				MTL_ENABLE_DEBUG_INFO = YES;
				ONLY_ACTIVE_ARCH = YES;
				SDKROOT = iphoneos;
				SWIFT_ACTIVE_COMPILATION_CONDITIONS = DEBUG;
				SWIFT_OPTIMIZATION_LEVEL = "-Onone";
				TARGETED_DEVICE_FAMILY = "1,2";
			};
			name = Debug;
		};
		568119C31D9CC9D100B31FCB /* Release */ = {
			isa = XCBuildConfiguration;
			buildSettings = {
				ALWAYS_SEARCH_USER_PATHS = NO;
				CLANG_ANALYZER_NONNULL = YES;
				CLANG_CXX_LANGUAGE_STANDARD = "gnu++0x";
				CLANG_CXX_LIBRARY = "libc++";
				CLANG_ENABLE_MODULES = YES;
				CLANG_ENABLE_OBJC_ARC = YES;
				CLANG_WARN_BOOL_CONVERSION = YES;
				CLANG_WARN_CONSTANT_CONVERSION = YES;
				CLANG_WARN_DIRECT_OBJC_ISA_USAGE = YES_ERROR;
				CLANG_WARN_DOCUMENTATION_COMMENTS = YES;
				CLANG_WARN_EMPTY_BODY = YES;
				CLANG_WARN_ENUM_CONVERSION = YES;
				CLANG_WARN_INFINITE_RECURSION = YES;
				CLANG_WARN_INT_CONVERSION = YES;
				CLANG_WARN_OBJC_ROOT_CLASS = YES_ERROR;
				CLANG_WARN_SUSPICIOUS_MOVE = YES;
				CLANG_WARN_SUSPICIOUS_MOVES = YES;
				CLANG_WARN_UNREACHABLE_CODE = YES;
				CLANG_WARN__DUPLICATE_METHOD_MATCH = YES;
				"CODE_SIGN_IDENTITY[sdk=iphoneos*]" = "iPhone Developer";
				COPY_PHASE_STRIP = NO;
				DEBUG_INFORMATION_FORMAT = "dwarf-with-dsym";
				ENABLE_NS_ASSERTIONS = NO;
				ENABLE_STRICT_OBJC_MSGSEND = YES;
				GCC_C_LANGUAGE_STANDARD = gnu99;
				GCC_NO_COMMON_BLOCKS = YES;
				GCC_WARN_64_TO_32_BIT_CONVERSION = YES;
				GCC_WARN_ABOUT_RETURN_TYPE = YES_ERROR;
				GCC_WARN_UNDECLARED_SELECTOR = YES;
				GCC_WARN_UNINITIALIZED_AUTOS = YES_AGGRESSIVE;
				GCC_WARN_UNUSED_FUNCTION = YES;
				GCC_WARN_UNUSED_VARIABLE = YES;
				IPHONEOS_DEPLOYMENT_TARGET = 10.0;
				MTL_ENABLE_DEBUG_INFO = NO;
				SDKROOT = iphoneos;
				SWIFT_OPTIMIZATION_LEVEL = "-Owholemodule";
				TARGETED_DEVICE_FAMILY = "1,2";
				VALIDATE_PRODUCT = YES;
			};
			name = Release;
		};
		568119C51D9CC9D100B31FCB /* Debug */ = {
			isa = XCBuildConfiguration;
			baseConfigurationReference = 5DA60A4BB2CA1EAAF4F82D8E /* Pods-Hamlet.debug.xcconfig */;
			buildSettings = {
				ALWAYS_EMBED_SWIFT_STANDARD_LIBRARIES = YES;
				ASSETCATALOG_COMPILER_APPICON_NAME = AppIcon;
				DEVELOPMENT_TEAM = 8L4W325NFA;
				INFOPLIST_FILE = Hamlet/Info.plist;
				IPHONEOS_DEPLOYMENT_TARGET = 10.0;
				LD_RUNPATH_SEARCH_PATHS = "$(inherited) @executable_path/Frameworks";
				PRODUCT_BUNDLE_IDENTIFIER = com.debonair.Hamlet;
				PRODUCT_NAME = "$(TARGET_NAME)";
				SWIFT_VERSION = 3.0;
				TARGETED_DEVICE_FAMILY = 1;
			};
			name = Debug;
		};
		568119C61D9CC9D100B31FCB /* Release */ = {
			isa = XCBuildConfiguration;
			baseConfigurationReference = 45162716B5E74825E4396D91 /* Pods-Hamlet.release.xcconfig */;
			buildSettings = {
				ALWAYS_EMBED_SWIFT_STANDARD_LIBRARIES = YES;
				ASSETCATALOG_COMPILER_APPICON_NAME = AppIcon;
				DEVELOPMENT_TEAM = 8L4W325NFA;
				INFOPLIST_FILE = Hamlet/Info.plist;
				IPHONEOS_DEPLOYMENT_TARGET = 10.0;
				LD_RUNPATH_SEARCH_PATHS = "$(inherited) @executable_path/Frameworks";
				PRODUCT_BUNDLE_IDENTIFIER = com.debonair.Hamlet;
				PRODUCT_NAME = "$(TARGET_NAME)";
				SWIFT_VERSION = 3.0;
				TARGETED_DEVICE_FAMILY = 1;
			};
			name = Release;
		};
/* End XCBuildConfiguration section */

/* Begin XCConfigurationList section */
		568119AD1D9CC9D100B31FCB /* Build configuration list for PBXProject "Hamlet" */ = {
			isa = XCConfigurationList;
			buildConfigurations = (
				568119C21D9CC9D100B31FCB /* Debug */,
				568119C31D9CC9D100B31FCB /* Release */,
			);
			defaultConfigurationIsVisible = 0;
			defaultConfigurationName = Release;
		};
		568119C41D9CC9D100B31FCB /* Build configuration list for PBXNativeTarget "Hamlet" */ = {
			isa = XCConfigurationList;
			buildConfigurations = (
				568119C51D9CC9D100B31FCB /* Debug */,
				568119C61D9CC9D100B31FCB /* Release */,
			);
			defaultConfigurationIsVisible = 0;
			defaultConfigurationName = Release;
		};
/* End XCConfigurationList section */
	};
	rootObject = 568119AA1D9CC9D100B31FCB /* Project object */;
}
